{
  "version": 4,
  "terraform_version": "1.1.7",
  "serial": 3,
  "lineage": "6f487563-0537-5056-cde7-f1799edfecff",
  "outputs": {},
  "resources": [
    {
      "mode": "managed",
      "type": "yandex_compute_instance",
      "name": "vm",
      "provider": "provider[\"registry.terraform.io/yandex-cloud/yandex\"]",
      "instances": [
        {
          "schema_version": 1,
          "attributes": {
            "allow_recreate": null,
            "allow_stopping_for_update": null,
            "boot_disk": [
              {
                "auto_delete": true,
                "device_name": "fhmj7v862uer7vqkn9qa",
                "disk_id": "fhmj7v862uer7vqkn9qa",
                "initialize_params": [
                  {
                    "block_size": 4096,
                    "description": "",
                    "image_id": "fd888ru6t6codt07lbom",
                    "name": "",
                    "size": 10,
                    "snapshot_id": "",
                    "type": "network-hdd"
                  }
                ],
                "mode": "READ_WRITE"
              }
            ],
            "created_at": "2022-06-24T22:40:18Z",
            "description": "",
            "folder_id": "b1gud7usbuekc5a56rtd",
            "fqdn": "fhmk4sil94g9nptm16jm.auto.internal",
            "hostname": "fhmk4sil94g9nptm16jm",
            "id": "fhmk4sil94g9nptm16jm",
            "labels": null,
            "metadata": {
              "ssh-keys": "ubuntu:ssh-rsa AAAAB3NzaC1yc2EAAAADAQABAAABgQDLCEO+rJTUNexhZNjQlbC64jWUw9b84mP8bknK6gOUvR7m/SmIE/bPv5KBeovy4dmxPyGjBCGJzra0xqN4Q/Q807Lg60hNXEYfa7pmdIvrHLlyfK+FrxHlXSgk402Rikx3FH30utZswIjjsmnZ4XWOwnsl+JyeJknnQ2lMrLmEga6vj3v8AT3r1SOvwhpnTA2vO2iVl7J7tFG/VBDal6GrcKWdld3aQLdHuReAmNu/lewIdK3XDEpPWrmZE89Mcs4VT3MBMo9m4zBxAUzdvs7KEsd2j7oxitmorU9JH+x6T9FYNsfjnlEbqSmuQ8R9hv800dXvlKKe1dZ4KOWocZcpncpqdIkL7dY3YXT2hPco6f61qjuIW3QouJ3xDRyH4inOHlRTlzLuFKsyhjfwzqE68C0RySnKL/z4q+5JMeMPQJquhQj+5tLg+l/GTda6XtBr5SMgVXKARlHf43bpPNPfTys3s2N5SYUrhpVqr7vblGRa9XI+3s7C6xqjZ3b3MqM= dmitrii@dmitrii-virtual-machine\n"
            },
            "name": "ubuntu",
            "network_acceleration_type": "standard",
            "network_interface": [
              {
                "dns_record": [],
                "index": 0,
                "ip_address": "10.128.0.14",
                "ipv4": true,
                "ipv6": false,
                "ipv6_address": "",
                "ipv6_dns_record": [],
                "mac_address": "d0:0d:14:27:25:54",
                "nat": false,
                "nat_dns_record": [],
                "nat_ip_address": "",
                "nat_ip_version": "",
                "security_group_ids": [],
                "subnet_id": "e9bjuphmhoj2rebvm4ca"
              }
            ],
            "placement_policy": [
              {
                "host_affinity_rules": [],
                "placement_group_id": ""
              }
            ],
            "platform_id": "standard-v1",
            "resources": [
              {
                "core_fraction": 100,
                "cores": 2,
                "gpus": 0,
                "memory": 2
              }
            ],
            "scheduling_policy": [
              {
                "preemptible": false
              }
            ],
            "secondary_disk": [],
            "service_account_id": "",
            "status": "running",
            "timeouts": null,
            "zone": "ru-central1-a"
          },
          "sensitive_attributes": [],
          "private": "eyJlMmJmYjczMC1lY2FhLTExZTYtOGY4OC0zNDM2M2JjN2M0YzAiOnsiY3JlYXRlIjozMDAwMDAwMDAwMDAsImRlbGV0ZSI6MzAwMDAwMDAwMDAwLCJ1cGRhdGUiOjMwMDAwMDAwMDAwMH0sInNjaGVtYV92ZXJzaW9uIjoiMSJ9"
        }
      ]
    }
  ]
}
